// !$*UTF8*$!
{
	archiveVersion = 1;
	classes = {
	};
	objectVersion = 46;
	objects = {

/* Begin PBXBuildFile section */
		5C2C4E7619FC86310049C01A /* main.swift in Sources */ = {isa = PBXBuildFile; fileRef = 5C2C4E7519FC86310049C01A /* main.swift */; };
		5C2C4E7F19FC89760049C01A /* String.swift in Sources */ = {isa = PBXBuildFile; fileRef = 5C2C4E7E19FC89760049C01A /* String.swift */; };
		5CF048F319FD6AE000A7592F /* ABPerson.swift in Sources */ = {isa = PBXBuildFile; fileRef = 5CF048F219FD6AE000A7592F /* ABPerson.swift */; };
		5CF048F619FD6C9300A7592F /* email.swift in Sources */ = {isa = PBXBuildFile; fileRef = 5CF048F519FD6C9300A7592F /* email.swift */; };
/* End PBXBuildFile section */

/* Begin PBXCopyFilesBuildPhase section */
		5C2C4E7019FC86310049C01A /* CopyFiles */ = {
			isa = PBXCopyFilesBuildPhase;
			buildActionMask = 2147483647;
			dstPath = /usr/share/man/man1/;
			dstSubfolderSpec = 0;
			files = (
			);
			runOnlyForDeploymentPostprocessing = 1;
		};
/* End PBXCopyFilesBuildPhase section */

/* Begin PBXFileReference section */
		5C2C4E7219FC86310049C01A /* Gravatar2Contacts */ = {isa = PBXFileReference; explicitFileType = "compiled.mach-o.executable"; includeInIndex = 0; path = Gravatar2Contacts; sourceTree = BUILT_PRODUCTS_DIR; };
		5C2C4E7519FC86310049C01A /* main.swift */ = {isa = PBXFileReference; lastKnownFileType = sourcecode.swift; path = main.swift; sourceTree = "<group>"; };
		5C2C4E7C19FC875E0049C01A /* Bridging-Header.h */ = {isa = PBXFileReference; lastKnownFileType = sourcecode.c.h; path = "Bridging-Header.h"; sourceTree = "<group>"; };
		5C2C4E7E19FC89760049C01A /* String.swift */ = {isa = PBXFileReference; fileEncoding = 4; lastKnownFileType = sourcecode.swift; path = String.swift; sourceTree = "<group>"; };
		5CF048F219FD6AE000A7592F /* ABPerson.swift */ = {isa = PBXFileReference; fileEncoding = 4; lastKnownFileType = sourcecode.swift; path = ABPerson.swift; sourceTree = "<group>"; };
		5CF048F519FD6C9300A7592F /* email.swift */ = {isa = PBXFileReference; fileEncoding = 4; lastKnownFileType = sourcecode.swift; path = email.swift; sourceTree = "<group>"; };
/* End PBXFileReference section */

/* Begin PBXFrameworksBuildPhase section */
		5C2C4E6F19FC86310049C01A /* Frameworks */ = {
			isa = PBXFrameworksBuildPhase;
			buildActionMask = 2147483647;
			files = (
			);
			runOnlyForDeploymentPostprocessing = 0;
		};
/* End PBXFrameworksBuildPhase section */

/* Begin PBXGroup section */
		5C2C4E6919FC86310049C01A = {
			isa = PBXGroup;
			children = (
				5C2C4E7419FC86310049C01A /* Contacts */,
				5C2C4E7319FC86310049C01A /* Products */,
			);
			sourceTree = "<group>";
		};
		5C2C4E7319FC86310049C01A /* Products */ = {
			isa = PBXGroup;
			children = (
				5C2C4E7219FC86310049C01A /* Gravatar2Contacts */,
			);
			name = Products;
			sourceTree = "<group>";
		};
		5C2C4E7419FC86310049C01A /* Contacts */ = {
			isa = PBXGroup;
			children = (
				5CF048F419FD6C7B00A7592F /* Helpers */,
				5C2C4E7D19FC89630049C01A /* Extensions */,
				5C2C4E7519FC86310049C01A /* main.swift */,
				5C2C4E7C19FC875E0049C01A /* Bridging-Header.h */,
			);
			path = Contacts;
			sourceTree = "<group>";
		};
		5C2C4E7D19FC89630049C01A /* Extensions */ = {
			isa = PBXGroup;
			children = (
				5C2C4E7E19FC89760049C01A /* String.swift */,
				5CF048F219FD6AE000A7592F /* ABPerson.swift */,
			);
			name = Extensions;
			sourceTree = "<group>";
		};
		5CF048F419FD6C7B00A7592F /* Helpers */ = {
			isa = PBXGroup;
			children = (
				5CF048F519FD6C9300A7592F /* email.swift */,
			);
			name = Helpers;
			sourceTree = "<group>";
		};
/* End PBXGroup section */

/* Begin PBXNativeTarget section */
		5C2C4E7119FC86310049C01A /* Gravatar2Contacts */ = {
			isa = PBXNativeTarget;
			buildConfigurationList = 5C2C4E7919FC86310049C01A /* Build configuration list for PBXNativeTarget "Gravatar2Contacts" */;
			buildPhases = (
				5C2C4E6E19FC86310049C01A /* Sources */,
				5C2C4E6F19FC86310049C01A /* Frameworks */,
				5C2C4E7019FC86310049C01A /* CopyFiles */,
			);
			buildRules = (
			);
			dependencies = (
			);
			name = Gravatar2Contacts;
			productName = Contacts;
			productReference = 5C2C4E7219FC86310049C01A /* Gravatar2Contacts */;
			productType = "com.apple.product-type.tool";
		};
/* End PBXNativeTarget section */

/* Begin PBXProject section */
		5C2C4E6A19FC86310049C01A /* Project object */ = {
			isa = PBXProject;
			attributes = {
				LastSwiftMigration = 0710;
				LastSwiftUpdateCheck = 0710;
				LastUpgradeCheck = 0610;
				ORGANIZATIONNAME = "Chad Pytel";
				TargetAttributes = {
					5C2C4E7119FC86310049C01A = {
						CreatedOnToolsVersion = 6.1;
					};
				};
			};
			buildConfigurationList = 5C2C4E6D19FC86310049C01A /* Build configuration list for PBXProject "Gravatar2Contacts" */;
			compatibilityVersion = "Xcode 3.2";
			developmentRegion = English;
			hasScannedForEncodings = 0;
			knownRegions = (
				en,
			);
			mainGroup = 5C2C4E6919FC86310049C01A;
			productRefGroup = 5C2C4E7319FC86310049C01A /* Products */;
			projectDirPath = "";
			projectRoot = "";
			targets = (
				5C2C4E7119FC86310049C01A /* Gravatar2Contacts */,
			);
		};
/* End PBXProject section */

/* Begin PBXSourcesBuildPhase section */
		5C2C4E6E19FC86310049C01A /* Sources */ = {
			isa = PBXSourcesBuildPhase;
			buildActionMask = 2147483647;
			files = (
				5C2C4E7F19FC89760049C01A /* String.swift in Sources */,
				5CF048F619FD6C9300A7592F /* email.swift in Sources */,
				5C2C4E7619FC86310049C01A /* main.swift in Sources */,
				5CF048F319FD6AE000A7592F /* ABPerson.swift in Sources */,
			);
			runOnlyForDeploymentPostprocessing = 0;
		};
/* End PBXSourcesBuildPhase section */

/* Begin XCBuildConfiguration section */
		5C2C4E7719FC86310049C01A /* Debug */ = {
			isa = XCBuildConfiguration;
			buildSettings = {
				ALWAYS_SEARCH_USER_PATHS = NO;
				CLANG_CXX_LANGUAGE_STANDARD = "gnu++0x";
				CLANG_CXX_LIBRARY = "libc++";
				CLANG_ENABLE_MODULES = YES;
				CLANG_ENABLE_OBJC_ARC = YES;
				CLANG_WARN_BOOL_CONVERSION = YES;
				CLANG_WARN_CONSTANT_CONVERSION = YES;
				CLANG_WARN_DIRECT_OBJC_ISA_USAGE = YES_ERROR;
				CLANG_WARN_EMPTY_BODY = YES;
				CLANG_WARN_ENUM_CONVERSION = YES;
				CLANG_WARN_INT_CONVERSION = YES;
				CLANG_WARN_OBJC_ROOT_CLASS = YES_ERROR;
				CLANG_WARN_UNREACHABLE_CODE = YES;
				CLANG_WARN__DUPLICATE_METHOD_MATCH = YES;
				COPY_PHASE_STRIP = NO;
				ENABLE_STRICT_OBJC_MSGSEND = YES;
				GCC_C_LANGUAGE_STANDARD = gnu99;
				GCC_DYNAMIC_NO_PIC = NO;
				GCC_OPTIMIZATION_LEVEL = 0;
				GCC_PREPROCESSOR_DEFINITIONS = (
					"DEBUG=1",
					"$(inherited)",
				);
				GCC_SYMBOLS_PRIVATE_EXTERN = NO;
				GCC_WARN_64_TO_32_BIT_CONVERSION = YES;
				GCC_WARN_ABOUT_RETURN_TYPE = YES_ERROR;
				GCC_WARN_UNDECLARED_SELECTOR = YES;
				GCC_WARN_UNINITIALIZED_AUTOS = YES_AGGRESSIVE;
				GCC_WARN_UNUSED_FUNCTION = YES;
				GCC_WARN_UNUSED_VARIABLE = YES;
				MACOSX_DEPLOYMENT_TARGET = 10.10;
				MTL_ENABLE_DEBUG_INFO = YES;
				ONLY_ACTIVE_ARCH = YES;
				SDKROOT = macosx;
				SWIFT_OPTIMIZATION_LEVEL = "-Onone";
			};
			name = Debug;
		};
		5C2C4E7819FC86310049C01A /* Release */ = {
			isa = XCBuildConfiguration;
			buildSettings = {
				ALWAYS_SEARCH_USER_PATHS = NO;
				CLANG_CXX_LANGUAGE_STANDARD = "gnu++0x";
				CLANG_CXX_LIBRARY = "libc++";
				CLANG_ENABLE_MODULES = YES;
				CLANG_ENABLE_OBJC_ARC = YES;
				CLANG_WARN_BOOL_CONVERSION = YES;
				CLANG_WARN_CONSTANT_CONVERSION = YES;
				CLANG_WARN_DIRECT_OBJC_ISA_USAGE = YES_ERROR;
				CLANG_WARN_EMPTY_BODY = YES;
				CLANG_WARN_ENUM_CONVERSION = YES;
				CLANG_WARN_INT_CONVERSION = YES;
				CLANG_WARN_OBJC_ROOT_CLASS = YES_ERROR;
				CLANG_WARN_UNREACHABLE_CODE = YES;
				CLANG_WARN__DUPLICATE_METHOD_MATCH = YES;
				COPY_PHASE_STRIP = YES;
				DEBUG_INFORMATION_FORMAT = "dwarf-with-dsym";
				ENABLE_NS_ASSERTIONS = NO;
				ENABLE_STRICT_OBJC_MSGSEND = YES;
				GCC_C_LANGUAGE_STANDARD = gnu99;
				GCC_WARN_64_TO_32_BIT_CONVERSION = YES;
				GCC_WARN_ABOUT_RETURN_TYPE = YES_ERROR;
				GCC_WARN_UNDECLARED_SELECTOR = YES;
				GCC_WARN_UNINITIALIZED_AUTOS = YES_AGGRESSIVE;
				GCC_WARN_UNUSED_FUNCTION = YES;
				GCC_WARN_UNUSED_VARIABLE = YES;
				MACOSX_DEPLOYMENT_TARGET = 10.10;
				MTL_ENABLE_DEBUG_INFO = NO;
				SDKROOT = macosx;
			};
			name = Release;
		};
		5C2C4E7A19FC86310049C01A /* Debug */ = {
			isa = XCBuildConfiguration;
			buildSettings = {
				PRODUCT_NAME = Gravatar2Contacts;
				SWIFT_OBJC_BRIDGING_HEADER = "Contacts/Bridging-Header.h";
			};
			name = Debug;
		};
		5C2C4E7B19FC86310049C01A /* Release */ = {
			isa = XCBuildConfiguration;
			buildSettings = {
				PRODUCT_NAME = Gravatar2Contacts;
				SWIFT_OBJC_BRIDGING_HEADER = "Contacts/Bridging-Header.h";
			};
			name = Release;
		};
/* End XCBuildConfiguration section */

/* Begin XCConfigurationList section */
		5C2C4E6D19FC86310049C01A /* Build configuration list for PBXProject "Gravatar2Contacts" */ = {
			isa = XCConfigurationList;
			buildConfigurations = (
				5C2C4E7719FC86310049C01A /* Debug */,
				5C2C4E7819FC86310049C01A /* Release */,
			);
			defaultConfigurationIsVisible = 0;
			defaultConfigurationName = Release;
		};
		5C2C4E7919FC86310049C01A /* Build configuration list for PBXNativeTarget "Gravatar2Contacts" */ = {
			isa = XCConfigurationList;
			buildConfigurations = (
				5C2C4E7A19FC86310049C01A /* Debug */,
				5C2C4E7B19FC86310049C01A /* Release */,
			);
			defaultConfigurationIsVisible = 0;
			defaultConfigurationName = Release;
		};
/* End XCConfigurationList section */
	};
	rootObject = 5C2C4E6A19FC86310049C01A /* Project object */;
}
